// !$*UTF8*$!
{
	archiveVersion = 1;
	classes = {
	};
	objectVersion = 77;
	objects = {

/* Begin PBXBuildFile section */
		D552E02B2D2E7F1500840B3C /* SkillsView.swift in Sources */ = {isa = PBXBuildFile; fileRef = D552E02A2D2E7F1500840B3C /* SkillsView.swift */; };
		D552E02D2D2E7F1D00840B3C /* ProjectsView.swift in Sources */ = {isa = PBXBuildFile; fileRef = D552E02C2D2E7F1D00840B3C /* ProjectsView.swift */; };
		D552E02F2D2E7F2300840B3C /* PerformanceUpdateView.swift in Sources */ = {isa = PBXBuildFile; fileRef = D552E02E2D2E7F2300840B3C /* PerformanceUpdateView.swift */; };
		D552E0312D2E7F2800840B3C /* VacationRequestView.swift in Sources */ = {isa = PBXBuildFile; fileRef = D552E0302D2E7F2800840B3C /* VacationRequestView.swift */; };
		D552E0332D2E7F9600840B3C /* CommonComponents.swift in Sources */ = {isa = PBXBuildFile; fileRef = D552E0322D2E7F9600840B3C /* CommonComponents.swift */; };
		D5E5CE2A2D2F086300598ABC /* ProjectDetailView.swift in Sources */ = {isa = PBXBuildFile; fileRef = D5E5CE292D2F086300598ABC /* ProjectDetailView.swift */; };
		D5E5CE2C2D2F086A00598ABC /* AddProjectView.swift in Sources */ = {isa = PBXBuildFile; fileRef = D5E5CE2B2D2F086A00598ABC /* AddProjectView.swift */; };
		D5E5CE2E2D2F087200598ABC /* AddTaskView.swift in Sources */ = {isa = PBXBuildFile; fileRef = D5E5CE2D2D2F087200598ABC /* AddTaskView.swift */; };
		D5E5CE302D2F093400598ABC /* EmployeeProjectsView.swift in Sources */ = {isa = PBXBuildFile; fileRef = D5E5CE2F2D2F093400598ABC /* EmployeeProjectsView.swift */; };
		D5E5CE322D2F0A3A00598ABC /* Project.swift in Sources */ = {isa = PBXBuildFile; fileRef = D5E5CE312D2F0A3A00598ABC /* Project.swift */; };
/* End PBXBuildFile section */

/* Begin PBXContainerItemProxy section */
		D552E0022D2E7C7200840B3C /* PBXContainerItemProxy */ = {
			isa = PBXContainerItemProxy;
			containerPortal = D552DFE92D2E7C6D00840B3C /* Project object */;
			proxyType = 1;
			remoteGlobalIDString = D552DFF02D2E7C6D00840B3C;
			remoteInfo = kurumsal;
		};
		D552E00C2D2E7C7200840B3C /* PBXContainerItemProxy */ = {
			isa = PBXContainerItemProxy;
			containerPortal = D552DFE92D2E7C6D00840B3C /* Project object */;
			proxyType = 1;
			remoteGlobalIDString = D552DFF02D2E7C6D00840B3C;
			remoteInfo = kurumsal;
		};
/* End PBXContainerItemProxy section */

/* Begin PBXFileReference section */
		D552DFF12D2E7C6D00840B3C /* kurumsal.app */ = {isa = PBXFileReference; explicitFileType = wrapper.application; includeInIndex = 0; path = kurumsal.app; sourceTree = BUILT_PRODUCTS_DIR; };
		D552E0012D2E7C7200840B3C /* kurumsalTests.xctest */ = {isa = PBXFileReference; explicitFileType = wrapper.cfbundle; includeInIndex = 0; path = kurumsalTests.xctest; sourceTree = BUILT_PRODUCTS_DIR; };
		D552E00B2D2E7C7200840B3C /* kurumsalUITests.xctest */ = {isa = PBXFileReference; explicitFileType = wrapper.cfbundle; includeInIndex = 0; path = kurumsalUITests.xctest; sourceTree = BUILT_PRODUCTS_DIR; };
		D552E02A2D2E7F1500840B3C /* SkillsView.swift */ = {isa = PBXFileReference; lastKnownFileType = sourcecode.swift; path = SkillsView.swift; sourceTree = "<group>"; };
		D552E02C2D2E7F1D00840B3C /* ProjectsView.swift */ = {isa = PBXFileReference; lastKnownFileType = sourcecode.swift; path = ProjectsView.swift; sourceTree = "<group>"; };
		D552E02E2D2E7F2300840B3C /* PerformanceUpdateView.swift */ = {isa = PBXFileReference; lastKnownFileType = sourcecode.swift; path = PerformanceUpdateView.swift; sourceTree = "<group>"; };
		D552E0302D2E7F2800840B3C /* VacationRequestView.swift */ = {isa = PBXFileReference; lastKnownFileType = sourcecode.swift; path = VacationRequestView.swift; sourceTree = "<group>"; };
		D552E0322D2E7F9600840B3C /* CommonComponents.swift */ = {isa = PBXFileReference; lastKnownFileType = sourcecode.swift; path = CommonComponents.swift; sourceTree = "<group>"; };
		D5E5CE292D2F086300598ABC /* ProjectDetailView.swift */ = {isa = PBXFileReference; lastKnownFileType = sourcecode.swift; path = ProjectDetailView.swift; sourceTree = "<group>"; };
		D5E5CE2B2D2F086A00598ABC /* AddProjectView.swift */ = {isa = PBXFileReference; lastKnownFileType = sourcecode.swift; path = AddProjectView.swift; sourceTree = "<group>"; };
		D5E5CE2D2D2F087200598ABC /* AddTaskView.swift */ = {isa = PBXFileReference; lastKnownFileType = sourcecode.swift; path = AddTaskView.swift; sourceTree = "<group>"; };
		D5E5CE2F2D2F093400598ABC /* EmployeeProjectsView.swift */ = {isa = PBXFileReference; lastKnownFileType = sourcecode.swift; path = EmployeeProjectsView.swift; sourceTree = "<group>"; };
		D5E5CE312D2F0A3A00598ABC /* Project.swift */ = {isa = PBXFileReference; lastKnownFileType = sourcecode.swift; path = Project.swift; sourceTree = "<group>"; };
/* End PBXFileReference section */

/* Begin PBXFileSystemSynchronizedRootGroup section */
		D552DFF32D2E7C6D00840B3C /* kurumsal */ = {
			isa = PBXFileSystemSynchronizedRootGroup;
			path = kurumsal;
			sourceTree = "<group>";
		};
		D552E0042D2E7C7200840B3C /* kurumsalTests */ = {
			isa = PBXFileSystemSynchronizedRootGroup;
			path = kurumsalTests;
			sourceTree = "<group>";
		};
		D552E00E2D2E7C7200840B3C /* kurumsalUITests */ = {
			isa = PBXFileSystemSynchronizedRootGroup;
			path = kurumsalUITests;
			sourceTree = "<group>";
		};
/* End PBXFileSystemSynchronizedRootGroup section */

/* Begin PBXFrameworksBuildPhase section */
		D552DFEE2D2E7C6D00840B3C /* Frameworks */ = {
			isa = PBXFrameworksBuildPhase;
			buildActionMask = 2147483647;
			files = (
			);
			runOnlyForDeploymentPostprocessing = 0;
		};
		D552DFFE2D2E7C7200840B3C /* Frameworks */ = {
			isa = PBXFrameworksBuildPhase;
			buildActionMask = 2147483647;
			files = (
			);
			runOnlyForDeploymentPostprocessing = 0;
		};
		D552E0082D2E7C7200840B3C /* Frameworks */ = {
			isa = PBXFrameworksBuildPhase;
			buildActionMask = 2147483647;
			files = (
			);
			runOnlyForDeploymentPostprocessing = 0;
		};
/* End PBXFrameworksBuildPhase section */

/* Begin PBXGroup section */
		D552DFE82D2E7C6D00840B3C = {
			isa = PBXGroup;
			children = (
				D552DFF32D2E7C6D00840B3C /* kurumsal */,
				D552E0042D2E7C7200840B3C /* kurumsalTests */,
				D552E00E2D2E7C7200840B3C /* kurumsalUITests */,
				D552DFF22D2E7C6D00840B3C /* Products */,
				D552E02A2D2E7F1500840B3C /* SkillsView.swift */,
				D552E02C2D2E7F1D00840B3C /* ProjectsView.swift */,
				D5E5CE292D2F086300598ABC /* ProjectDetailView.swift */,
				D5E5CE2B2D2F086A00598ABC /* AddProjectView.swift */,
				D5E5CE2D2D2F087200598ABC /* AddTaskView.swift */,
				D552E02E2D2E7F2300840B3C /* PerformanceUpdateView.swift */,
				D552E0302D2E7F2800840B3C /* VacationRequestView.swift */,
				D552E0322D2E7F9600840B3C /* CommonComponents.swift */,
				D5E5CE2F2D2F093400598ABC /* EmployeeProjectsView.swift */,
				D5E5CE312D2F0A3A00598ABC /* Project.swift */,
			);
			sourceTree = "<group>";
		};
		D552DFF22D2E7C6D00840B3C /* Products */ = {
			isa = PBXGroup;
			children = (
				D552DFF12D2E7C6D00840B3C /* kurumsal.app */,
				D552E0012D2E7C7200840B3C /* kurumsalTests.xctest */,
				D552E00B2D2E7C7200840B3C /* kurumsalUITests.xctest */,
			);
			name = Products;
			sourceTree = "<group>";
		};
/* End PBXGroup section */

/* Begin PBXNativeTarget section */
		D552DFF02D2E7C6D00840B3C /* kurumsal */ = {
			isa = PBXNativeTarget;
			buildConfigurationList = D552E0152D2E7C7200840B3C /* Build configuration list for PBXNativeTarget "kurumsal" */;
			buildPhases = (
				D552DFED2D2E7C6D00840B3C /* Sources */,
				D552DFEE2D2E7C6D00840B3C /* Frameworks */,
				D552DFEF2D2E7C6D00840B3C /* Resources */,
			);
			buildRules = (
			);
			dependencies = (
			);
			fileSystemSynchronizedGroups = (
				D552DFF32D2E7C6D00840B3C /* kurumsal */,
			);
			name = kurumsal;
			packageProductDependencies = (
			);
			productName = kurumsal;
			productReference = D552DFF12D2E7C6D00840B3C /* kurumsal.app */;
			productType = "com.apple.product-type.application";
		};
		D552E0002D2E7C7200840B3C /* kurumsalTests */ = {
			isa = PBXNativeTarget;
			buildConfigurationList = D552E0182D2E7C7200840B3C /* Build configuration list for PBXNativeTarget "kurumsalTests" */;
			buildPhases = (
				D552DFFD2D2E7C7200840B3C /* Sources */,
				D552DFFE2D2E7C7200840B3C /* Frameworks */,
				D552DFFF2D2E7C7200840B3C /* Resources */,
			);
			buildRules = (
			);
			dependencies = (
				D552E0032D2E7C7200840B3C /* PBXTargetDependency */,
			);
			fileSystemSynchronizedGroups = (
				D552E0042D2E7C7200840B3C /* kurumsalTests */,
			);
			name = kurumsalTests;
			packageProductDependencies = (
			);
			productName = kurumsalTests;
			productReference = D552E0012D2E7C7200840B3C /* kurumsalTests.xctest */;
			productType = "com.apple.product-type.bundle.unit-test";
		};
		D552E00A2D2E7C7200840B3C /* kurumsalUITests */ = {
			isa = PBXNativeTarget;
			buildConfigurationList = D552E01B2D2E7C7200840B3C /* Build configuration list for PBXNativeTarget "kurumsalUITests" */;
			buildPhases = (
				D552E0072D2E7C7200840B3C /* Sources */,
				D552E0082D2E7C7200840B3C /* Frameworks */,
				D552E0092D2E7C7200840B3C /* Resources */,
			);
			buildRules = (
			);
			dependencies = (
				D552E00D2D2E7C7200840B3C /* PBXTargetDependency */,
			);
			fileSystemSynchronizedGroups = (
				D552E00E2D2E7C7200840B3C /* kurumsalUITests */,
			);
			name = kurumsalUITests;
			packageProductDependencies = (
			);
			productName = kurumsalUITests;
			productReference = D552E00B2D2E7C7200840B3C /* kurumsalUITests.xctest */;
			productType = "com.apple.product-type.bundle.ui-testing";
		};
/* End PBXNativeTarget section */

/* Begin PBXProject section */
		D552DFE92D2E7C6D00840B3C /* Project object */ = {
			isa = PBXProject;
			attributes = {
				BuildIndependentTargetsInParallel = 1;
				LastSwiftUpdateCheck = 1620;
				LastUpgradeCheck = 1620;
				TargetAttributes = {
					D552DFF02D2E7C6D00840B3C = {
						CreatedOnToolsVersion = 16.2;
					};
					D552E0002D2E7C7200840B3C = {
						CreatedOnToolsVersion = 16.2;
						TestTargetID = D552DFF02D2E7C6D00840B3C;
					};
					D552E00A2D2E7C7200840B3C = {
						CreatedOnToolsVersion = 16.2;
						TestTargetID = D552DFF02D2E7C6D00840B3C;
					};
				};
			};
			buildConfigurationList = D552DFEC2D2E7C6D00840B3C /* Build configuration list for PBXProject "kurumsal" */;
			developmentRegion = en;
			hasScannedForEncodings = 0;
			knownRegions = (
				en,
				Base,
			);
			mainGroup = D552DFE82D2E7C6D00840B3C;
			minimizedProjectReferenceProxies = 1;
			preferredProjectObjectVersion = 77;
			productRefGroup = D552DFF22D2E7C6D00840B3C /* Products */;
			projectDirPath = "";
			projectRoot = "";
			targets = (
				D552DFF02D2E7C6D00840B3C /* kurumsal */,
				D552E0002D2E7C7200840B3C /* kurumsalTests */,
				D552E00A2D2E7C7200840B3C /* kurumsalUITests */,
			);
		};
/* End PBXProject section */

/* Begin PBXResourcesBuildPhase section */
		D552DFEF2D2E7C6D00840B3C /* Resources */ = {
			isa = PBXResourcesBuildPhase;
			buildActionMask = 2147483647;
			files = (
			);
			runOnlyForDeploymentPostprocessing = 0;
		};
		D552DFFF2D2E7C7200840B3C /* Resources */ = {
			isa = PBXResourcesBuildPhase;
			buildActionMask = 2147483647;
			files = (
			);
			runOnlyForDeploymentPostprocessing = 0;
		};
		D552E0092D2E7C7200840B3C /* Resources */ = {
			isa = PBXResourcesBuildPhase;
			buildActionMask = 2147483647;
			files = (
			);
			runOnlyForDeploymentPostprocessing = 0;
		};
/* End PBXResourcesBuildPhase section */

/* Begin PBXSourcesBuildPhase section */
		D552DFED2D2E7C6D00840B3C /* Sources */ = {
			isa = PBXSourcesBuildPhase;
			buildActionMask = 2147483647;
			files = (
				D552E02D2D2E7F1D00840B3C /* ProjectsView.swift in Sources */,
				D552E0332D2E7F9600840B3C /* CommonComponents.swift in Sources */,
				D5E5CE2A2D2F086300598ABC /* ProjectDetailView.swift in Sources */,
				D552E02B2D2E7F1500840B3C /* SkillsView.swift in Sources */,
				D5E5CE2E2D2F087200598ABC /* AddTaskView.swift in Sources */,
				D5E5CE322D2F0A3A00598ABC /* Project.swift in Sources */,
				D552E0312D2E7F2800840B3C /* VacationRequestView.swift in Sources */,
				D552E02F2D2E7F2300840B3C /* PerformanceUpdateView.swift in Sources */,
				D5E5CE2C2D2F086A00598ABC /* AddProjectView.swift in Sources */,
				D5E5CE302D2F093400598ABC /* EmployeeProjectsView.swift in Sources */,
			);
			runOnlyForDeploymentPostprocessing = 0;
		};
		D552DFFD2D2E7C7200840B3C /* Sources */ = {
			isa = PBXSourcesBuildPhase;
			buildActionMask = 2147483647;
			files = (
			);
			runOnlyForDeploymentPostprocessing = 0;
		};
		D552E0072D2E7C7200840B3C /* Sources */ = {
			isa = PBXSourcesBuildPhase;
			buildActionMask = 2147483647;
			files = (
			);
			runOnlyForDeploymentPostprocessing = 0;
		};
/* End PBXSourcesBuildPhase section */

/* Begin PBXTargetDependency section */
		D552E0032D2E7C7200840B3C /* PBXTargetDependency */ = {
			isa = PBXTargetDependency;
			target = D552DFF02D2E7C6D00840B3C /* kurumsal */;
			targetProxy = D552E0022D2E7C7200840B3C /* PBXContainerItemProxy */;
		};
		D552E00D2D2E7C7200840B3C /* PBXTargetDependency */ = {
			isa = PBXTargetDependency;
			target = D552DFF02D2E7C6D00840B3C /* kurumsal */;
			targetProxy = D552E00C2D2E7C7200840B3C /* PBXContainerItemProxy */;
		};
/* End PBXTargetDependency section */

/* Begin XCBuildConfiguration section */
		D552E0132D2E7C7200840B3C /* Debug */ = {
			isa = XCBuildConfiguration;
			buildSettings = {
				ALWAYS_SEARCH_USER_PATHS = NO;
				ASSETCATALOG_COMPILER_GENERATE_SWIFT_ASSET_SYMBOL_EXTENSIONS = YES;
				CLANG_ANALYZER_NONNULL = YES;
				CLANG_ANALYZER_NUMBER_OBJECT_CONVERSION = YES_AGGRESSIVE;
				CLANG_CXX_LANGUAGE_STANDARD = "gnu++20";
				CLANG_ENABLE_MODULES = YES;
				CLANG_ENABLE_OBJC_ARC = YES;
				CLANG_ENABLE_OBJC_WEAK = YES;
				CLANG_WARN_BLOCK_CAPTURE_AUTORELEASING = YES;
				CLANG_WARN_BOOL_CONVERSION = YES;
				CLANG_WARN_COMMA = YES;
				CLANG_WARN_CONSTANT_CONVERSION = YES;
				CLANG_WARN_DEPRECATED_OBJC_IMPLEMENTATIONS = YES;
				CLANG_WARN_DIRECT_OBJC_ISA_USAGE = YES_ERROR;
				CLANG_WARN_DOCUMENTATION_COMMENTS = YES;
				CLANG_WARN_EMPTY_BODY = YES;
				CLANG_WARN_ENUM_CONVERSION = YES;
				CLANG_WARN_INFINITE_RECURSION = YES;
				CLANG_WARN_INT_CONVERSION = YES;
				CLANG_WARN_NON_LITERAL_NULL_CONVERSION = YES;
				CLANG_WARN_OBJC_IMPLICIT_RETAIN_SELF = YES;
				CLANG_WARN_OBJC_LITERAL_CONVERSION = YES;
				CLANG_WARN_OBJC_ROOT_CLASS = YES_ERROR;
				CLANG_WARN_QUOTED_INCLUDE_IN_FRAMEWORK_HEADER = YES;
				CLANG_WARN_RANGE_LOOP_ANALYSIS = YES;
				CLANG_WARN_STRICT_PROTOTYPES = YES;
				CLANG_WARN_SUSPICIOUS_MOVE = YES;
				CLANG_WARN_UNGUARDED_AVAILABILITY = YES_AGGRESSIVE;
				CLANG_WARN_UNREACHABLE_CODE = YES;
				CLANG_WARN__DUPLICATE_METHOD_MATCH = YES;
				COPY_PHASE_STRIP = NO;
				DEBUG_INFORMATION_FORMAT = dwarf;
				ENABLE_STRICT_OBJC_MSGSEND = YES;
				ENABLE_TESTABILITY = YES;
				ENABLE_USER_SCRIPT_SANDBOXING = YES;
				GCC_C_LANGUAGE_STANDARD = gnu17;
				GCC_DYNAMIC_NO_PIC = NO;
				GCC_NO_COMMON_BLOCKS = YES;
				GCC_OPTIMIZATION_LEVEL = 0;
				GCC_PREPROCESSOR_DEFINITIONS = (
					"DEBUG=1",
					"$(inherited)",
				);
				GCC_WARN_64_TO_32_BIT_CONVERSION = YES;
				GCC_WARN_ABOUT_RETURN_TYPE = YES_ERROR;
				GCC_WARN_UNDECLARED_SELECTOR = YES;
				GCC_WARN_UNINITIALIZED_AUTOS = YES_AGGRESSIVE;
				GCC_WARN_UNUSED_FUNCTION = YES;
				GCC_WARN_UNUSED_VARIABLE = YES;
				IPHONEOS_DEPLOYMENT_TARGET = 18.2;
				LOCALIZATION_PREFERS_STRING_CATALOGS = YES;
				MTL_ENABLE_DEBUG_INFO = INCLUDE_SOURCE;
				MTL_FAST_MATH = YES;
				ONLY_ACTIVE_ARCH = YES;
				SDKROOT = iphoneos;
				SWIFT_ACTIVE_COMPILATION_CONDITIONS = "DEBUG $(inherited)";
				SWIFT_OPTIMIZATION_LEVEL = "-Onone";
			};
			name = Debug;
		};
		D552E0142D2E7C7200840B3C /* Release */ = {
			isa = XCBuildConfiguration;
			buildSettings = {
				ALWAYS_SEARCH_USER_PATHS = NO;
				ASSETCATALOG_COMPILER_GENERATE_SWIFT_ASSET_SYMBOL_EXTENSIONS = YES;
				CLANG_ANALYZER_NONNULL = YES;
				CLANG_ANALYZER_NUMBER_OBJECT_CONVERSION = YES_AGGRESSIVE;
				CLANG_CXX_LANGUAGE_STANDARD = "gnu++20";
				CLANG_ENABLE_MODULES = YES;
				CLANG_ENABLE_OBJC_ARC = YES;
				CLANG_ENABLE_OBJC_WEAK = YES;
				CLANG_WARN_BLOCK_CAPTURE_AUTORELEASING = YES;
				CLANG_WARN_BOOL_CONVERSION = YES;
				CLANG_WARN_COMMA = YES;
				CLANG_WARN_CONSTANT_CONVERSION = YES;
				CLANG_WARN_DEPRECATED_OBJC_IMPLEMENTATIONS = YES;
				CLANG_WARN_DIRECT_OBJC_ISA_USAGE = YES_ERROR;
				CLANG_WARN_DOCUMENTATION_COMMENTS = YES;
				CLANG_WARN_EMPTY_BODY = YES;
				CLANG_WARN_ENUM_CONVERSION = YES;
				CLANG_WARN_INFINITE_RECURSION = YES;
				CLANG_WARN_INT_CONVERSION = YES;
				CLANG_WARN_NON_LITERAL_NULL_CONVERSION = YES;
				CLANG_WARN_OBJC_IMPLICIT_RETAIN_SELF = YES;
				CLANG_WARN_OBJC_LITERAL_CONVERSION = YES;
				CLANG_WARN_OBJC_ROOT_CLASS = YES_ERROR;
				CLANG_WARN_QUOTED_INCLUDE_IN_FRAMEWORK_HEADER = YES;
				CLANG_WARN_RANGE_LOOP_ANALYSIS = YES;
				CLANG_WARN_STRICT_PROTOTYPES = YES;
				CLANG_WARN_SUSPICIOUS_MOVE = YES;
				CLANG_WARN_UNGUARDED_AVAILABILITY = YES_AGGRESSIVE;
				CLANG_WARN_UNREACHABLE_CODE = YES;
				CLANG_WARN__DUPLICATE_METHOD_MATCH = YES;
				COPY_PHASE_STRIP = NO;
				DEBUG_INFORMATION_FORMAT = "dwarf-with-dsym";
				ENABLE_NS_ASSERTIONS = NO;
				ENABLE_STRICT_OBJC_MSGSEND = YES;
				ENABLE_USER_SCRIPT_SANDBOXING = YES;
				GCC_C_LANGUAGE_STANDARD = gnu17;
				GCC_NO_COMMON_BLOCKS = YES;
				GCC_WARN_64_TO_32_BIT_CONVERSION = YES;
				GCC_WARN_ABOUT_RETURN_TYPE = YES_ERROR;
				GCC_WARN_UNDECLARED_SELECTOR = YES;
				GCC_WARN_UNINITIALIZED_AUTOS = YES_AGGRESSIVE;
				GCC_WARN_UNUSED_FUNCTION = YES;
				GCC_WARN_UNUSED_VARIABLE = YES;
				IPHONEOS_DEPLOYMENT_TARGET = 18.2;
				LOCALIZATION_PREFERS_STRING_CATALOGS = YES;
				MTL_ENABLE_DEBUG_INFO = NO;
				MTL_FAST_MATH = YES;
				SDKROOT = iphoneos;
				SWIFT_COMPILATION_MODE = wholemodule;
				VALIDATE_PRODUCT = YES;
			};
			name = Release;
		};
		D552E0162D2E7C7200840B3C /* Debug */ = {
			isa = XCBuildConfiguration;
			buildSettings = {
				ASSETCATALOG_COMPILER_APPICON_NAME = AppIcon;
				ASSETCATALOG_COMPILER_GLOBAL_ACCENT_COLOR_NAME = AccentColor;
				CODE_SIGN_STYLE = Automatic;
				CURRENT_PROJECT_VERSION = 1;
				DEVELOPMENT_ASSET_PATHS = "\"kurumsal/Preview Content\"";
				DEVELOPMENT_TEAM = LLN7WDDG6A;
				ENABLE_PREVIEWS = YES;
				GENERATE_INFOPLIST_FILE = YES;
				INFOPLIST_KEY_UIApplicationSceneManifest_Generation = YES;
				INFOPLIST_KEY_UIApplicationSupportsIndirectInputEvents = YES;
				INFOPLIST_KEY_UILaunchScreen_Generation = YES;
				INFOPLIST_KEY_UISupportedInterfaceOrientations_iPad = "UIInterfaceOrientationPortrait UIInterfaceOrientationPortraitUpsideDown UIInterfaceOrientationLandscapeLeft UIInterfaceOrientationLandscapeRight";
				INFOPLIST_KEY_UISupportedInterfaceOrientations_iPhone = "UIInterfaceOrientationPortrait UIInterfaceOrientationLandscapeLeft UIInterfaceOrientationLandscapeRight";
				LD_RUNPATH_SEARCH_PATHS = (
					"$(inherited)",
					"@executable_path/Frameworks",
				);
				MARKETING_VERSION = 1.0;
				PRODUCT_BUNDLE_IDENTIFIER = com.alperen.kurumsal;
				PRODUCT_NAME = "$(TARGET_NAME)";
				SWIFT_EMIT_LOC_STRINGS = YES;
				SWIFT_VERSION = 5.0;
				TARGETED_DEVICE_FAMILY = "1,2";
			};
			name = Debug;
		};
		D552E0172D2E7C7200840B3C /* Release */ = {
			isa = XCBuildConfiguration;
			buildSettings = {
				ASSETCATALOG_COMPILER_APPICON_NAME = AppIcon;
				ASSETCATALOG_COMPILER_GLOBAL_ACCENT_COLOR_NAME = AccentColor;
				CODE_SIGN_STYLE = Automatic;
				CURRENT_PROJECT_VERSION = 1;
				DEVELOPMENT_ASSET_PATHS = "\"kurumsal/Preview Content\"";
				DEVELOPMENT_TEAM = LLN7WDDG6A;
				ENABLE_PREVIEWS = YES;
				GENERATE_INFOPLIST_FILE = YES;
				INFOPLIST_KEY_UIApplicationSceneManifest_Generation = YES;
				INFOPLIST_KEY_UIApplicationSupportsIndirectInputEvents = YES;
				INFOPLIST_KEY_UILaunchScreen_Generation = YES;
				INFOPLIST_KEY_UISupportedInterfaceOrientations_iPad = "UIInterfaceOrientationPortrait UIInterfaceOrientationPortraitUpsideDown UIInterfaceOrientationLandscapeLeft UIInterfaceOrientationLandscapeRight";
				INFOPLIST_KEY_UISupportedInterfaceOrientations_iPhone = "UIInterfaceOrientationPortrait UIInterfaceOrientationLandscapeLeft UIInterfaceOrientationLandscapeRight";
				LD_RUNPATH_SEARCH_PATHS = (
					"$(inherited)",
					"@executable_path/Frameworks",
				);
				MARKETING_VERSION = 1.0;
				PRODUCT_BUNDLE_IDENTIFIER = com.alperen.kurumsal;
				PRODUCT_NAME = "$(TARGET_NAME)";
				SWIFT_EMIT_LOC_STRINGS = YES;
				SWIFT_VERSION = 5.0;
				TARGETED_DEVICE_FAMILY = "1,2";
			};
			name = Release;
		};
		D552E0192D2E7C7200840B3C /* Debug */ = {
			isa = XCBuildConfiguration;
			buildSettings = {
				BUNDLE_LOADER = "$(TEST_HOST)";
				CODE_SIGN_STYLE = Automatic;
				CURRENT_PROJECT_VERSION = 1;
				DEVELOPMENT_TEAM = LLN7WDDG6A;
				GENERATE_INFOPLIST_FILE = YES;
				IPHONEOS_DEPLOYMENT_TARGET = 18.2;
				MARKETING_VERSION = 1.0;
				PRODUCT_BUNDLE_IDENTIFIER = com.alperen.kurumsalTests;
				PRODUCT_NAME = "$(TARGET_NAME)";
				SWIFT_EMIT_LOC_STRINGS = NO;
				SWIFT_VERSION = 5.0;
				TARGETED_DEVICE_FAMILY = "1,2";
				TEST_HOST = "$(BUILT_PRODUCTS_DIR)/kurumsal.app/$(BUNDLE_EXECUTABLE_FOLDER_PATH)/kurumsal";
			};
			name = Debug;
		};
		D552E01A2D2E7C7200840B3C /* Release */ = {
			isa = XCBuildConfiguration;
			buildSettings = {
				BUNDLE_LOADER = "$(TEST_HOST)";
				CODE_SIGN_STYLE = Automatic;
				CURRENT_PROJECT_VERSION = 1;
				DEVELOPMENT_TEAM = LLN7WDDG6A;
				GENERATE_INFOPLIST_FILE = YES;
				IPHONEOS_DEPLOYMENT_TARGET = 18.2;
				MARKETING_VERSION = 1.0;
				PRODUCT_BUNDLE_IDENTIFIER = com.alperen.kurumsalTests;
				PRODUCT_NAME = "$(TARGET_NAME)";
				SWIFT_EMIT_LOC_STRINGS = NO;
				SWIFT_VERSION = 5.0;
				TARGETED_DEVICE_FAMILY = "1,2";
				TEST_HOST = "$(BUILT_PRODUCTS_DIR)/kurumsal.app/$(BUNDLE_EXECUTABLE_FOLDER_PATH)/kurumsal";
			};
			name = Release;
		};
		D552E01C2D2E7C7200840B3C /* Debug */ = {
			isa = XCBuildConfiguration;
			buildSettings = {
				CODE_SIGN_STYLE = Automatic;
				CURRENT_PROJECT_VERSION = 1;
				DEVELOPMENT_TEAM = LLN7WDDG6A;
				GENERATE_INFOPLIST_FILE = YES;
				MARKETING_VERSION = 1.0;
				PRODUCT_BUNDLE_IDENTIFIER = com.alperen.kurumsalUITests;
				PRODUCT_NAME = "$(TARGET_NAME)";
				SWIFT_EMIT_LOC_STRINGS = NO;
				SWIFT_VERSION = 5.0;
				TARGETED_DEVICE_FAMILY = "1,2";
				TEST_TARGET_NAME = kurumsal;
			};
			name = Debug;
		};
		D552E01D2D2E7C7200840B3C /* Release */ = {
			isa = XCBuildConfiguration;
			buildSettings = {
				CODE_SIGN_STYLE = Automatic;
				CURRENT_PROJECT_VERSION = 1;
				DEVELOPMENT_TEAM = LLN7WDDG6A;
				GENERATE_INFOPLIST_FILE = YES;
				MARKETING_VERSION = 1.0;
				PRODUCT_BUNDLE_IDENTIFIER = com.alperen.kurumsalUITests;
				PRODUCT_NAME = "$(TARGET_NAME)";
				SWIFT_EMIT_LOC_STRINGS = NO;
				SWIFT_VERSION = 5.0;
				TARGETED_DEVICE_FAMILY = "1,2";
				TEST_TARGET_NAME = kurumsal;
			};
			name = Release;
		};
/* End XCBuildConfiguration section */

/* Begin XCConfigurationList section */
		D552DFEC2D2E7C6D00840B3C /* Build configuration list for PBXProject "kurumsal" */ = {
			isa = XCConfigurationList;
			buildConfigurations = (
				D552E0132D2E7C7200840B3C /* Debug */,
				D552E0142D2E7C7200840B3C /* Release */,
			);
			defaultConfigurationIsVisible = 0;
			defaultConfigurationName = Release;
		};
		D552E0152D2E7C7200840B3C /* Build configuration list for PBXNativeTarget "kurumsal" */ = {
			isa = XCConfigurationList;
			buildConfigurations = (
				D552E0162D2E7C7200840B3C /* Debug */,
				D552E0172D2E7C7200840B3C /* Release */,
			);
			defaultConfigurationIsVisible = 0;
			defaultConfigurationName = Release;
		};
		D552E0182D2E7C7200840B3C /* Build configuration list for PBXNativeTarget "kurumsalTests" */ = {
			isa = XCConfigurationList;
			buildConfigurations = (
				D552E0192D2E7C7200840B3C /* Debug */,
				D552E01A2D2E7C7200840B3C /* Release */,
			);
			defaultConfigurationIsVisible = 0;
			defaultConfigurationName = Release;
		};
		D552E01B2D2E7C7200840B3C /* Build configuration list for PBXNativeTarget "kurumsalUITests" */ = {
			isa = XCConfigurationList;
			buildConfigurations = (
				D552E01C2D2E7C7200840B3C /* Debug */,
				D552E01D2D2E7C7200840B3C /* Release */,
			);
			defaultConfigurationIsVisible = 0;
			defaultConfigurationName = Release;
		};
/* End XCConfigurationList section */
	};
	rootObject = D552DFE92D2E7C6D00840B3C /* Project object */;
}
